
Microsoft Visual Studio Solution File, Format Version 12.00
# Visual Studio Version 17
VisualStudioVersion = 17.3.32929.385
MinimumVisualStudioVersion = 10.0.40219.1
Project("{FAE04EC0-301F-11D3-BF4B-00C04F79EFBC}") = "ConsoleApp", "ConsoleApp.csproj", "{2E3F0F56-AA47-4B18-8B5B-266C4F76EF46}"
EndProject
Global
	GlobalSection(SolutionConfigurationPlatforms) = preSolution
		Debug|Any CPU = Debug|Any CPU
		Release|Any CPU = Release|Any CPU
	EndGlobalSection
	GlobalSection(ProjectConfigurationPlatforms) = postSolution
		{2E3F0F56-AA47-4B18-8B5B-266C4F76EF46}.Debug|Any CPU.ActiveCfg = Debug|Any CPU
		{2E3F0F56-AA47-4B18-8B5B-266C4F76EF46}.Debug|Any CPU.Build.0 = Debug|Any CPU
		{2E3F0F56-AA47-4B18-8B5B-266C4F76EF46}.Release|Any CPU.ActiveCfg = Release|Any CPU
		{2E3F0F56-AA47-4B18-8B5B-266C4F76EF46}.Release|Any CPU.Build.0 = Release|Any CPU
	EndGlobalSection
	GlobalSection(SolutionProperties) = preSolution
		HideSolutionNode = FALSE
	EndGlobalSection
	GlobalSection(ExtensibilityGlobals) = postSolution
		SolutionGuid = {9E7009D0-E609-4E29-9052-E776122F572C}
	EndGlobalSection
EndGlobal
